// !$*UTF8*$!
{
	archiveVersion = 1;
	classes = {
	};
	objectVersion = 51;
	objects = {

/* Begin PBXBuildFile section */
		A1153751243F43EB00FBAA18 /* AppDelegate.swift in Sources */ = {isa = PBXBuildFile; fileRef = A1153750243F43EB00FBAA18 /* AppDelegate.swift */; };
		A1153753243F43EB00FBAA18 /* ViewController.swift in Sources */ = {isa = PBXBuildFile; fileRef = A1153752243F43EB00FBAA18 /* ViewController.swift */; };
		A1153756243F43EB00FBAA18 /* Main.storyboard in Resources */ = {isa = PBXBuildFile; fileRef = A1153754243F43EB00FBAA18 /* Main.storyboard */; };
		A1153758243F43ED00FBAA18 /* Assets.xcassets in Resources */ = {isa = PBXBuildFile; fileRef = A1153757243F43ED00FBAA18 /* Assets.xcassets */; };
		A115375B243F43ED00FBAA18 /* LaunchScreen.storyboard in Resources */ = {isa = PBXBuildFile; fileRef = A1153759243F43ED00FBAA18 /* LaunchScreen.storyboard */; };
		A1153767243F4BA800FBAA18 /* LoginViewController.swift in Sources */ = {isa = PBXBuildFile; fileRef = A1153766243F4BA800FBAA18 /* LoginViewController.swift */; };
		A1153769243F4BBC00FBAA18 /* SignUpViewController.swift in Sources */ = {isa = PBXBuildFile; fileRef = A1153768243F4BBC00FBAA18 /* SignUpViewController.swift */; };
		A115376B243F501600FBAA18 /* MainTabControllerViewController.swift in Sources */ = {isa = PBXBuildFile; fileRef = A115376A243F501600FBAA18 /* MainTabControllerViewController.swift */; };
		A115376D243F60E100FBAA18 /* GoogleService-Info.plist in Resources */ = {isa = PBXBuildFile; fileRef = A115376C243F60E100FBAA18 /* GoogleService-Info.plist */; };
		A17B37E8243F67330024343D /* Utilities.swift in Sources */ = {isa = PBXBuildFile; fileRef = A17B37E6243F67330024343D /* Utilities.swift */; };
		A17B37E9243F67330024343D /* Constants.swift in Sources */ = {isa = PBXBuildFile; fileRef = A17B37E7243F67330024343D /* Constants.swift */; };
		A39CB86A66897BF948A47B2C /* Pods_CapstonePrototypeCustomer.framework in Frameworks */ = {isa = PBXBuildFile; fileRef = 7976BDA747618375EFFD5488 /* Pods_CapstonePrototypeCustomer.framework */; };
/* End PBXBuildFile section */

/* Begin PBXFileReference section */
		7976BDA747618375EFFD5488 /* Pods_CapstonePrototypeCustomer.framework */ = {isa = PBXFileReference; explicitFileType = wrapper.framework; includeInIndex = 0; path = Pods_CapstonePrototypeCustomer.framework; sourceTree = BUILT_PRODUCTS_DIR; };
		7D2B5C61BF265E44084EF69C /* Pods-CapstonePrototypeCustomer.debug.xcconfig */ = {isa = PBXFileReference; includeInIndex = 1; lastKnownFileType = text.xcconfig; name = "Pods-CapstonePrototypeCustomer.debug.xcconfig"; path = "Target Support Files/Pods-CapstonePrototypeCustomer/Pods-CapstonePrototypeCustomer.debug.xcconfig"; sourceTree = "<group>"; };
		A115374D243F43EB00FBAA18 /* CapstonePrototypeCustomer.app */ = {isa = PBXFileReference; explicitFileType = wrapper.application; includeInIndex = 0; path = CapstonePrototypeCustomer.app; sourceTree = BUILT_PRODUCTS_DIR; };
		A1153750243F43EB00FBAA18 /* AppDelegate.swift */ = {isa = PBXFileReference; lastKnownFileType = sourcecode.swift; path = AppDelegate.swift; sourceTree = "<group>"; };
		A1153752243F43EB00FBAA18 /* ViewController.swift */ = {isa = PBXFileReference; lastKnownFileType = sourcecode.swift; path = ViewController.swift; sourceTree = "<group>"; };
		A1153755243F43EB00FBAA18 /* Base */ = {isa = PBXFileReference; lastKnownFileType = file.storyboard; name = Base; path = Base.lproj/Main.storyboard; sourceTree = "<group>"; };
		A1153757243F43ED00FBAA18 /* Assets.xcassets */ = {isa = PBXFileReference; lastKnownFileType = folder.assetcatalog; path = Assets.xcassets; sourceTree = "<group>"; };
		A115375A243F43ED00FBAA18 /* Base */ = {isa = PBXFileReference; lastKnownFileType = file.storyboard; name = Base; path = Base.lproj/LaunchScreen.storyboard; sourceTree = "<group>"; };
		A115375C243F43ED00FBAA18 /* Info.plist */ = {isa = PBXFileReference; lastKnownFileType = text.plist.xml; path = Info.plist; sourceTree = "<group>"; };
		A1153766243F4BA800FBAA18 /* LoginViewController.swift */ = {isa = PBXFileReference; lastKnownFileType = sourcecode.swift; path = LoginViewController.swift; sourceTree = "<group>"; };
		A1153768243F4BBC00FBAA18 /* SignUpViewController.swift */ = {isa = PBXFileReference; lastKnownFileType = sourcecode.swift; path = SignUpViewController.swift; sourceTree = "<group>"; };
		A115376A243F501600FBAA18 /* MainTabControllerViewController.swift */ = {isa = PBXFileReference; lastKnownFileType = sourcecode.swift; path = MainTabControllerViewController.swift; sourceTree = "<group>"; };
		A115376C243F60E100FBAA18 /* GoogleService-Info.plist */ = {isa = PBXFileReference; fileEncoding = 4; lastKnownFileType = text.plist.xml; path = "GoogleService-Info.plist"; sourceTree = "<group>"; };
		A17B37E6243F67330024343D /* Utilities.swift */ = {isa = PBXFileReference; fileEncoding = 4; lastKnownFileType = sourcecode.swift; path = Utilities.swift; sourceTree = "<group>"; };
		A17B37E7243F67330024343D /* Constants.swift */ = {isa = PBXFileReference; fileEncoding = 4; lastKnownFileType = sourcecode.swift; path = Constants.swift; sourceTree = "<group>"; };
		F79C2A71CD0305196E268D64 /* Pods-CapstonePrototypeCustomer.release.xcconfig */ = {isa = PBXFileReference; includeInIndex = 1; lastKnownFileType = text.xcconfig; name = "Pods-CapstonePrototypeCustomer.release.xcconfig"; path = "Target Support Files/Pods-CapstonePrototypeCustomer/Pods-CapstonePrototypeCustomer.release.xcconfig"; sourceTree = "<group>"; };
/* End PBXFileReference section */

/* Begin PBXFrameworksBuildPhase section */
		A115374A243F43EB00FBAA18 /* Frameworks */ = {
			isa = PBXFrameworksBuildPhase;
			buildActionMask = 2147483647;
			files = (
				A39CB86A66897BF948A47B2C /* Pods_CapstonePrototypeCustomer.framework in Frameworks */,
			);
			runOnlyForDeploymentPostprocessing = 0;
		};
/* End PBXFrameworksBuildPhase section */

/* Begin PBXGroup section */
		7602CE5C86E342ECBDADA097 /* Frameworks */ = {
			isa = PBXGroup;
			children = (
				7976BDA747618375EFFD5488 /* Pods_CapstonePrototypeCustomer.framework */,
			);
			name = Frameworks;
			sourceTree = "<group>";
		};
		A1153744243F43EB00FBAA18 = {
			isa = PBXGroup;
			children = (
				A115374F243F43EB00FBAA18 /* CapstonePrototypeCustomer */,
				A115374E243F43EB00FBAA18 /* Products */,
				EDB409756B0C160500B205BC /* Pods */,
				7602CE5C86E342ECBDADA097 /* Frameworks */,
			);
			sourceTree = "<group>";
		};
		A115374E243F43EB00FBAA18 /* Products */ = {
			isa = PBXGroup;
			children = (
				A115374D243F43EB00FBAA18 /* CapstonePrototypeCustomer.app */,
			);
			name = Products;
			sourceTree = "<group>";
		};
		A115374F243F43EB00FBAA18 /* CapstonePrototypeCustomer */ = {
			isa = PBXGroup;
			children = (
				A17B37E5243F67090024343D /* Helper */,
				A1153763243F44AE00FBAA18 /* StoryBoard */,
				A1153765243F44D800FBAA18 /* ViewController */,
				A1153762243F44A300FBAA18 /* Classes */,
				A1153757243F43ED00FBAA18 /* Assets.xcassets */,
				A115375C243F43ED00FBAA18 /* Info.plist */,
				A115376C243F60E100FBAA18 /* GoogleService-Info.plist */,
			);
			path = CapstonePrototypeCustomer;
			sourceTree = "<group>";
		};
		A1153762243F44A300FBAA18 /* Classes */ = {
			isa = PBXGroup;
			children = (
				A1153750243F43EB00FBAA18 /* AppDelegate.swift */,
			);
			path = Classes;
			sourceTree = "<group>";
		};
		A1153763243F44AE00FBAA18 /* StoryBoard */ = {
			isa = PBXGroup;
			children = (
				A1153754243F43EB00FBAA18 /* Main.storyboard */,
				A1153759243F43ED00FBAA18 /* LaunchScreen.storyboard */,
			);
			path = StoryBoard;
			sourceTree = "<group>";
		};
		A1153765243F44D800FBAA18 /* ViewController */ = {
			isa = PBXGroup;
			children = (
				A1153752243F43EB00FBAA18 /* ViewController.swift */,
				A1153766243F4BA800FBAA18 /* LoginViewController.swift */,
				A1153768243F4BBC00FBAA18 /* SignUpViewController.swift */,
				A115376A243F501600FBAA18 /* MainTabControllerViewController.swift */,
			);
			path = ViewController;
			sourceTree = "<group>";
		};
		A17B37E5243F67090024343D /* Helper */ = {
			isa = PBXGroup;
			children = (
				A17B37E7243F67330024343D /* Constants.swift */,
				A17B37E6243F67330024343D /* Utilities.swift */,
			);
			path = Helper;
			sourceTree = "<group>";
		};
		EDB409756B0C160500B205BC /* Pods */ = {
			isa = PBXGroup;
			children = (
				7D2B5C61BF265E44084EF69C /* Pods-CapstonePrototypeCustomer.debug.xcconfig */,
				F79C2A71CD0305196E268D64 /* Pods-CapstonePrototypeCustomer.release.xcconfig */,
			);
			path = Pods;
			sourceTree = "<group>";
		};
/* End PBXGroup section */

/* Begin PBXNativeTarget section */
		A115374C243F43EB00FBAA18 /* CapstonePrototypeCustomer */ = {
			isa = PBXNativeTarget;
			buildConfigurationList = A115375F243F43ED00FBAA18 /* Build configuration list for PBXNativeTarget "CapstonePrototypeCustomer" */;
			buildPhases = (
				FFE4C3701B8877B48151C369 /* [CP] Check Pods Manifest.lock */,
				A1153749243F43EB00FBAA18 /* Sources */,
				A115374A243F43EB00FBAA18 /* Frameworks */,
				A115374B243F43EB00FBAA18 /* Resources */,
				1A3125812714849CB65B0A32 /* [CP] Embed Pods Frameworks */,
			);
			buildRules = (
			);
			dependencies = (
			);
			name = CapstonePrototypeCustomer;
			productName = CapstonePrototypeCustomer;
			productReference = A115374D243F43EB00FBAA18 /* CapstonePrototypeCustomer.app */;
			productType = "com.apple.product-type.application";
		};
/* End PBXNativeTarget section */

/* Begin PBXProject section */
		A1153745243F43EB00FBAA18 /* Project object */ = {
			isa = PBXProject;
			attributes = {
				LastSwiftUpdateCheck = 1020;
				LastUpgradeCheck = 1020;
				ORGANIZATIONNAME = "Dhruvil Patel";
				TargetAttributes = {
					A115374C243F43EB00FBAA18 = {
						CreatedOnToolsVersion = 10.2;
					};
				};
			};
			buildConfigurationList = A1153748243F43EB00FBAA18 /* Build configuration list for PBXProject "CapstonePrototypeCustomer" */;
			compatibilityVersion = "Xcode 9.3";
			developmentRegion = en;
			hasScannedForEncodings = 0;
			knownRegions = (
				en,
				Base,
			);
			mainGroup = A1153744243F43EB00FBAA18;
			productRefGroup = A115374E243F43EB00FBAA18 /* Products */;
			projectDirPath = "";
			projectRoot = "";
			targets = (
				A115374C243F43EB00FBAA18 /* CapstonePrototypeCustomer */,
			);
		};
/* End PBXProject section */

/* Begin PBXResourcesBuildPhase section */
		A115374B243F43EB00FBAA18 /* Resources */ = {
			isa = PBXResourcesBuildPhase;
			buildActionMask = 2147483647;
			files = (
				A115375B243F43ED00FBAA18 /* LaunchScreen.storyboard in Resources */,
				A115376D243F60E100FBAA18 /* GoogleService-Info.plist in Resources */,
				A1153758243F43ED00FBAA18 /* Assets.xcassets in Resources */,
				A1153756243F43EB00FBAA18 /* Main.storyboard in Resources */,
			);
			runOnlyForDeploymentPostprocessing = 0;
		};
/* End PBXResourcesBuildPhase section */

/* Begin PBXShellScriptBuildPhase section */
		1A3125812714849CB65B0A32 /* [CP] Embed Pods Frameworks */ = {
			isa = PBXShellScriptBuildPhase;
			buildActionMask = 2147483647;
			files = (
			);
			inputFileListPaths = (
				"${PODS_ROOT}/Target Support Files/Pods-CapstonePrototypeCustomer/Pods-CapstonePrototypeCustomer-frameworks-${CONFIGURATION}-input-files.xcfilelist",
			);
			name = "[CP] Embed Pods Frameworks";
			outputFileListPaths = (
				"${PODS_ROOT}/Target Support Files/Pods-CapstonePrototypeCustomer/Pods-CapstonePrototypeCustomer-frameworks-${CONFIGURATION}-output-files.xcfilelist",
			);
			runOnlyForDeploymentPostprocessing = 0;
			shellPath = /bin/sh;
			shellScript = "\"${PODS_ROOT}/Target Support Files/Pods-CapstonePrototypeCustomer/Pods-CapstonePrototypeCustomer-frameworks.sh\"\n";
			showEnvVarsInLog = 0;
		};
		FFE4C3701B8877B48151C369 /* [CP] Check Pods Manifest.lock */ = {
			isa = PBXShellScriptBuildPhase;
			buildActionMask = 2147483647;
			files = (
			);
			inputFileListPaths = (
			);
			inputPaths = (
				"${PODS_PODFILE_DIR_PATH}/Podfile.lock",
				"${PODS_ROOT}/Manifest.lock",
			);
			name = "[CP] Check Pods Manifest.lock";
			outputFileListPaths = (
			);
			outputPaths = (
				"$(DERIVED_FILE_DIR)/Pods-CapstonePrototypeCustomer-checkManifestLockResult.txt",
			);
			runOnlyForDeploymentPostprocessing = 0;
			shellPath = /bin/sh;
			shellScript = "diff \"${PODS_PODFILE_DIR_PATH}/Podfile.lock\" \"${PODS_ROOT}/Manifest.lock\" > /dev/null\nif [ $? != 0 ] ; then\n    # print error to STDERR\n    echo \"error: The sandbox is not in sync with the Podfile.lock. Run 'pod install' or update your CocoaPods installation.\" >&2\n    exit 1\nfi\n# This output is used by Xcode 'outputs' to avoid re-running this script phase.\necho \"SUCCESS\" > \"${SCRIPT_OUTPUT_FILE_0}\"\n";
			showEnvVarsInLog = 0;
		};
/* End PBXShellScriptBuildPhase section */

/* Begin PBXSourcesBuildPhase section */
		A1153749243F43EB00FBAA18 /* Sources */ = {
			isa = PBXSourcesBuildPhase;
			buildActionMask = 2147483647;
			files = (
				A17B37E8243F67330024343D /* Utilities.swift in Sources */,
				A1153767243F4BA800FBAA18 /* LoginViewController.swift in Sources */,
				A115376B243F501600FBAA18 /* MainTabControllerViewController.swift in Sources */,
				A1153753243F43EB00FBAA18 /* ViewController.swift in Sources */,
				A17B37E9243F67330024343D /* Constants.swift in Sources */,
				A1153769243F4BBC00FBAA18 /* SignUpViewController.swift in Sources */,
				A1153751243F43EB00FBAA18 /* AppDelegate.swift in Sources */,
			);
			runOnlyForDeploymentPostprocessing = 0;
		};
/* End PBXSourcesBuildPhase section */

/* Begin PBXVariantGroup section */
		A1153754243F43EB00FBAA18 /* Main.storyboard */ = {
			isa = PBXVariantGroup;
			children = (
				A1153755243F43EB00FBAA18 /* Base */,
			);
			name = Main.storyboard;
			sourceTree = "<group>";
		};
		A1153759243F43ED00FBAA18 /* LaunchScreen.storyboard */ = {
			isa = PBXVariantGroup;
			children = (
				A115375A243F43ED00FBAA18 /* Base */,
			);
			name = LaunchScreen.storyboard;
			sourceTree = "<group>";
		};
/* End PBXVariantGroup section */

/* Begin XCBuildConfiguration section */
		A115375D243F43ED00FBAA18 /* Debug */ = {
			isa = XCBuildConfiguration;
			buildSettings = {
				ALWAYS_SEARCH_USER_PATHS = NO;
				CLANG_ANALYZER_NONNULL = YES;
				CLANG_ANALYZER_NUMBER_OBJECT_CONVERSION = YES_AGGRESSIVE;
				CLANG_CXX_LANGUAGE_STANDARD = "gnu++14";
				CLANG_CXX_LIBRARY = "libc++";
				CLANG_ENABLE_MODULES = YES;
				CLANG_ENABLE_OBJC_ARC = YES;
				CLANG_ENABLE_OBJC_WEAK = YES;
				CLANG_WARN_BLOCK_CAPTURE_AUTORELEASING = YES;
				CLANG_WARN_BOOL_CONVERSION = YES;
				CLANG_WARN_COMMA = YES;
				CLANG_WARN_CONSTANT_CONVERSION = YES;
				CLANG_WARN_DEPRECATED_OBJC_IMPLEMENTATIONS = YES;
				CLANG_WARN_DIRECT_OBJC_ISA_USAGE = YES_ERROR;
				CLANG_WARN_DOCUMENTATION_COMMENTS = YES;
				CLANG_WARN_EMPTY_BODY = YES;
				CLANG_WARN_ENUM_CONVERSION = YES;
				CLANG_WARN_INFINITE_RECURSION = YES;
				CLANG_WARN_INT_CONVERSION = YES;
				CLANG_WARN_NON_LITERAL_NULL_CONVERSION = YES;
				CLANG_WARN_OBJC_IMPLICIT_RETAIN_SELF = YES;
				CLANG_WARN_OBJC_LITERAL_CONVERSION = YES;
				CLANG_WARN_OBJC_ROOT_CLASS = YES_ERROR;
				CLANG_WARN_RANGE_LOOP_ANALYSIS = YES;
				CLANG_WARN_STRICT_PROTOTYPES = YES;
				CLANG_WARN_SUSPICIOUS_MOVE = YES;
				CLANG_WARN_UNGUARDED_AVAILABILITY = YES_AGGRESSIVE;
				CLANG_WARN_UNREACHABLE_CODE = YES;
				CLANG_WARN__DUPLICATE_METHOD_MATCH = YES;
				CODE_SIGN_IDENTITY = "iPhone Developer";
				COPY_PHASE_STRIP = NO;
				DEBUG_INFORMATION_FORMAT = dwarf;
				ENABLE_STRICT_OBJC_MSGSEND = YES;
				ENABLE_TESTABILITY = YES;
				GCC_C_LANGUAGE_STANDARD = gnu11;
				GCC_DYNAMIC_NO_PIC = NO;
				GCC_NO_COMMON_BLOCKS = YES;
				GCC_OPTIMIZATION_LEVEL = 0;
				GCC_PREPROCESSOR_DEFINITIONS = (
					"DEBUG=1",
					"$(inherited)",
				);
				GCC_WARN_64_TO_32_BIT_CONVERSION = YES;
				GCC_WARN_ABOUT_RETURN_TYPE = YES_ERROR;
				GCC_WARN_UNDECLARED_SELECTOR = YES;
				GCC_WARN_UNINITIALIZED_AUTOS = YES_AGGRESSIVE;
				GCC_WARN_UNUSED_FUNCTION = YES;
				GCC_WARN_UNUSED_VARIABLE = YES;
				IPHONEOS_DEPLOYMENT_TARGET = 12.2;
				MTL_ENABLE_DEBUG_INFO = INCLUDE_SOURCE;
				MTL_FAST_MATH = YES;
				ONLY_ACTIVE_ARCH = YES;
				SDKROOT = iphoneos;
				SWIFT_ACTIVE_COMPILATION_CONDITIONS = DEBUG;
				SWIFT_OPTIMIZATION_LEVEL = "-Onone";
			};
			name = Debug;
		};
		A115375E243F43ED00FBAA18 /* Release */ = {
			isa = XCBuildConfiguration;
			buildSettings = {
				ALWAYS_SEARCH_USER_PATHS = NO;
				CLANG_ANALYZER_NONNULL = YES;
				CLANG_ANALYZER_NUMBER_OBJECT_CONVERSION = YES_AGGRESSIVE;
				CLANG_CXX_LANGUAGE_STANDARD = "gnu++14";
				CLANG_CXX_LIBRARY = "libc++";
				CLANG_ENABLE_MODULES = YES;
				CLANG_ENABLE_OBJC_ARC = YES;
				CLANG_ENABLE_OBJC_WEAK = YES;
				CLANG_WARN_BLOCK_CAPTURE_AUTORELEASING = YES;
				CLANG_WARN_BOOL_CONVERSION = YES;
				CLANG_WARN_COMMA = YES;
				CLANG_WARN_CONSTANT_CONVERSION = YES;
				CLANG_WARN_DEPRECATED_OBJC_IMPLEMENTATIONS = YES;
				CLANG_WARN_DIRECT_OBJC_ISA_USAGE = YES_ERROR;
				CLANG_WARN_DOCUMENTATION_COMMENTS = YES;
				CLANG_WARN_EMPTY_BODY = YES;
				CLANG_WARN_ENUM_CONVERSION = YES;
				CLANG_WARN_INFINITE_RECURSION = YES;
				CLANG_WARN_INT_CONVERSION = YES;
				CLANG_WARN_NON_LITERAL_NULL_CONVERSION = YES;
				CLANG_WARN_OBJC_IMPLICIT_RETAIN_SELF = YES;
				CLANG_WARN_OBJC_LITERAL_CONVERSION = YES;
				CLANG_WARN_OBJC_ROOT_CLASS = YES_ERROR;
				CLANG_WARN_RANGE_LOOP_ANALYSIS = YES;
				CLANG_WARN_STRICT_PROTOTYPES = YES;
				CLANG_WARN_SUSPICIOUS_MOVE = YES;
				CLANG_WARN_UNGUARDED_AVAILABILITY = YES_AGGRESSIVE;
				CLANG_WARN_UNREACHABLE_CODE = YES;
				CLANG_WARN__DUPLICATE_METHOD_MATCH = YES;
				CODE_SIGN_IDENTITY = "iPhone Developer";
				COPY_PHASE_STRIP = NO;
				DEBUG_INFORMATION_FORMAT = "dwarf-with-dsym";
				ENABLE_NS_ASSERTIONS = NO;
				ENABLE_STRICT_OBJC_MSGSEND = YES;
				GCC_C_LANGUAGE_STANDARD = gnu11;
				GCC_NO_COMMON_BLOCKS = YES;
				GCC_WARN_64_TO_32_BIT_CONVERSION = YES;
				GCC_WARN_ABOUT_RETURN_TYPE = YES_ERROR;
				GCC_WARN_UNDECLARED_SELECTOR = YES;
				GCC_WARN_UNINITIALIZED_AUTOS = YES_AGGRESSIVE;
				GCC_WARN_UNUSED_FUNCTION = YES;
				GCC_WARN_UNUSED_VARIABLE = YES;
				IPHONEOS_DEPLOYMENT_TARGET = 12.2;
				MTL_ENABLE_DEBUG_INFO = NO;
				MTL_FAST_MATH = YES;
				SDKROOT = iphoneos;
				SWIFT_COMPILATION_MODE = wholemodule;
				SWIFT_OPTIMIZATION_LEVEL = "-O";
				VALIDATE_PRODUCT = YES;
			};
			name = Release;
		};
		A1153760243F43ED00FBAA18 /* Debug */ = {
			isa = XCBuildConfiguration;
			baseConfigurationReference = 7D2B5C61BF265E44084EF69C /* Pods-CapstonePrototypeCustomer.debug.xcconfig */;
			buildSettings = {
				ASSETCATALOG_COMPILER_APPICON_NAME = AppIcon;
				CODE_SIGN_STYLE = Automatic;
				DEVELOPMENT_TEAM = "";
				INFOPLIST_FILE = CapstonePrototypeCustomer/Info.plist;
				LD_RUNPATH_SEARCH_PATHS = (
					"$(inherited)",
					"@executable_path/Frameworks",
				);
				PRODUCT_BUNDLE_IDENTIFIER = com.dhruvilpatel.CapstonePrototypeCustomer;
				PRODUCT_NAME = "$(TARGET_NAME)";
				SWIFT_VERSION = 5.0;
				TARGETED_DEVICE_FAMILY = "1,2";
			};
			name = Debug;
		};
		A1153761243F43ED00FBAA18 /* Release */ = {
			isa = XCBuildConfiguration;
			baseConfigurationReference = F79C2A71CD0305196E268D64 /* Pods-CapstonePrototypeCustomer.release.xcconfig */;
			buildSettings = {
				ASSETCATALOG_COMPILER_APPICON_NAME = AppIcon;
				CODE_SIGN_STYLE = Automatic;
				DEVELOPMENT_TEAM = "";
				INFOPLIST_FILE = CapstonePrototypeCustomer/Info.plist;
				LD_RUNPATH_SEARCH_PATHS = (
					"$(inherited)",
					"@executable_path/Frameworks",
				);
				PRODUCT_BUNDLE_IDENTIFIER = com.dhruvilpatel.CapstonePrototypeCustomer;
				PRODUCT_NAME = "$(TARGET_NAME)";
				SWIFT_VERSION = 5.0;
				TARGETED_DEVICE_FAMILY = "1,2";
			};
			name = Release;
		};
/* End XCBuildConfiguration section */

/* Begin XCConfigurationList section */
		A1153748243F43EB00FBAA18 /* Build configuration list for PBXProject "CapstonePrototypeCustomer" */ = {
			isa = XCConfigurationList;
			buildConfigurations = (
				A115375D243F43ED00FBAA18 /* Debug */,
				A115375E243F43ED00FBAA18 /* Release */,
			);
			defaultConfigurationIsVisible = 0;
			defaultConfigurationName = Release;
		};
		A115375F243F43ED00FBAA18 /* Build configuration list for PBXNativeTarget "CapstonePrototypeCustomer" */ = {
			isa = XCConfigurationList;
			buildConfigurations = (
				A1153760243F43ED00FBAA18 /* Debug */,
				A1153761243F43ED00FBAA18 /* Release */,
			);
			defaultConfigurationIsVisible = 0;
			defaultConfigurationName = Release;
		};
/* End XCConfigurationList section */
	};
	rootObject = A1153745243F43EB00FBAA18 /* Project object */;
}
